// !$*UTF8*$!
{
	archiveVersion = 1;
	classes = {
	};
	objectVersion = 50;
	objects = {

/* Begin PBXBuildFile section */
		0848DF9B2505E718000DC99F /* AppDelegate.swift in Sources */ = {isa = PBXBuildFile; fileRef = 0848DF9A2505E718000DC99F /* AppDelegate.swift */; };
		0848DF9D2505E718000DC99F /* SceneDelegate.swift in Sources */ = {isa = PBXBuildFile; fileRef = 0848DF9C2505E718000DC99F /* SceneDelegate.swift */; };
		0848DF9F2505E718000DC99F /* ViewController.swift in Sources */ = {isa = PBXBuildFile; fileRef = 0848DF9E2505E718000DC99F /* ViewController.swift */; };
		0848DFA22505E718000DC99F /* Main.storyboard in Resources */ = {isa = PBXBuildFile; fileRef = 0848DFA02505E718000DC99F /* Main.storyboard */; };
		0848DFA42505E718000DC99F /* Assets.xcassets in Resources */ = {isa = PBXBuildFile; fileRef = 0848DFA32505E718000DC99F /* Assets.xcassets */; };
		0848DFA72505E718000DC99F /* LaunchScreen.storyboard in Resources */ = {isa = PBXBuildFile; fileRef = 0848DFA52505E718000DC99F /* LaunchScreen.storyboard */; };
		0848DFAF2505E8A9000DC99F /* SignUpViewController.swift in Sources */ = {isa = PBXBuildFile; fileRef = 0848DFAE2505E8A9000DC99F /* SignUpViewController.swift */; };
		0848DFB12505ED21000DC99F /* SignUp2ViewController.swift in Sources */ = {isa = PBXBuildFile; fileRef = 0848DFB02505ED21000DC99F /* SignUp2ViewController.swift */; };
		0848DFB32505F274000DC99F /* UserInformation.swift in Sources */ = {isa = PBXBuildFile; fileRef = 0848DFB22505F274000DC99F /* UserInformation.swift */; };
/* End PBXBuildFile section */

/* Begin PBXFileReference section */
		0848DF972505E718000DC99F /* iOS_Project2_20200907.app */ = {isa = PBXFileReference; explicitFileType = wrapper.application; includeInIndex = 0; path = iOS_Project2_20200907.app; sourceTree = BUILT_PRODUCTS_DIR; };
		0848DF9A2505E718000DC99F /* AppDelegate.swift */ = {isa = PBXFileReference; lastKnownFileType = sourcecode.swift; path = AppDelegate.swift; sourceTree = "<group>"; };
		0848DF9C2505E718000DC99F /* SceneDelegate.swift */ = {isa = PBXFileReference; lastKnownFileType = sourcecode.swift; path = SceneDelegate.swift; sourceTree = "<group>"; };
		0848DF9E2505E718000DC99F /* ViewController.swift */ = {isa = PBXFileReference; lastKnownFileType = sourcecode.swift; path = ViewController.swift; sourceTree = "<group>"; };
		0848DFA12505E718000DC99F /* Base */ = {isa = PBXFileReference; lastKnownFileType = file.storyboard; name = Base; path = Base.lproj/Main.storyboard; sourceTree = "<group>"; };
		0848DFA32505E718000DC99F /* Assets.xcassets */ = {isa = PBXFileReference; lastKnownFileType = folder.assetcatalog; path = Assets.xcassets; sourceTree = "<group>"; };
		0848DFA62505E718000DC99F /* Base */ = {isa = PBXFileReference; lastKnownFileType = file.storyboard; name = Base; path = Base.lproj/LaunchScreen.storyboard; sourceTree = "<group>"; };
		0848DFA82505E718000DC99F /* Info.plist */ = {isa = PBXFileReference; lastKnownFileType = text.plist.xml; path = Info.plist; sourceTree = "<group>"; };
		0848DFAE2505E8A9000DC99F /* SignUpViewController.swift */ = {isa = PBXFileReference; lastKnownFileType = sourcecode.swift; path = SignUpViewController.swift; sourceTree = "<group>"; };
		0848DFB02505ED21000DC99F /* SignUp2ViewController.swift */ = {isa = PBXFileReference; lastKnownFileType = sourcecode.swift; path = SignUp2ViewController.swift; sourceTree = "<group>"; };
		0848DFB22505F274000DC99F /* UserInformation.swift */ = {isa = PBXFileReference; lastKnownFileType = sourcecode.swift; path = UserInformation.swift; sourceTree = "<group>"; };
/* End PBXFileReference section */

/* Begin PBXFrameworksBuildPhase section */
		0848DF942505E718000DC99F /* Frameworks */ = {
			isa = PBXFrameworksBuildPhase;
			buildActionMask = 2147483647;
			files = (
			);
			runOnlyForDeploymentPostprocessing = 0;
		};
/* End PBXFrameworksBuildPhase section */

/* Begin PBXGroup section */
		0848DF8E2505E718000DC99F = {
			isa = PBXGroup;
			children = (
				0848DF992505E718000DC99F /* iOS_Project2_20200907 */,
				0848DF982505E718000DC99F /* Products */,
			);
			sourceTree = "<group>";
		};
		0848DF982505E718000DC99F /* Products */ = {
			isa = PBXGroup;
			children = (
				0848DF972505E718000DC99F /* iOS_Project2_20200907.app */,
			);
			name = Products;
			sourceTree = "<group>";
		};
		0848DF992505E718000DC99F /* iOS_Project2_20200907 */ = {
			isa = PBXGroup;
			children = (
				0848DF9A2505E718000DC99F /* AppDelegate.swift */,
				0848DF9C2505E718000DC99F /* SceneDelegate.swift */,
				0848DF9E2505E718000DC99F /* ViewController.swift */,
				0848DFA02505E718000DC99F /* Main.storyboard */,
				0848DFB02505ED21000DC99F /* SignUp2ViewController.swift */,
				0848DFAE2505E8A9000DC99F /* SignUpViewController.swift */,
				0848DFB22505F274000DC99F /* UserInformation.swift */,
				0848DFA32505E718000DC99F /* Assets.xcassets */,
				0848DFA52505E718000DC99F /* LaunchScreen.storyboard */,
				0848DFA82505E718000DC99F /* Info.plist */,
			);
			path = iOS_Project2_20200907;
			sourceTree = "<group>";
		};
/* End PBXGroup section */

/* Begin PBXNativeTarget section */
		0848DF962505E718000DC99F /* iOS_Project2_20200907 */ = {
			isa = PBXNativeTarget;
			buildConfigurationList = 0848DFAB2505E718000DC99F /* Build configuration list for PBXNativeTarget "iOS_Project2_20200907" */;
			buildPhases = (
				0848DF932505E718000DC99F /* Sources */,
				0848DF942505E718000DC99F /* Frameworks */,
				0848DF952505E718000DC99F /* Resources */,
			);
			buildRules = (
			);
			dependencies = (
			);
			name = iOS_Project2_20200907;
			productName = iOS_Project2_20200907;
			productReference = 0848DF972505E718000DC99F /* iOS_Project2_20200907.app */;
			productType = "com.apple.product-type.application";
		};
/* End PBXNativeTarget section */

/* Begin PBXProject section */
		0848DF8F2505E718000DC99F /* Project object */ = {
			isa = PBXProject;
			attributes = {
				LastSwiftUpdateCheck = 1170;
				LastUpgradeCheck = 1170;
				ORGANIZATIONNAME = thoonk;
				TargetAttributes = {
					0848DF962505E718000DC99F = {
						CreatedOnToolsVersion = 11.7;
					};
				};
			};
			buildConfigurationList = 0848DF922505E718000DC99F /* Build configuration list for PBXProject "iOS_Project2_20200907" */;
			compatibilityVersion = "Xcode 9.3";
			developmentRegion = en;
			hasScannedForEncodings = 0;
			knownRegions = (
				en,
				Base,
			);
			mainGroup = 0848DF8E2505E718000DC99F;
			productRefGroup = 0848DF982505E718000DC99F /* Products */;
			projectDirPath = "";
			projectRoot = "";
			targets = (
				0848DF962505E718000DC99F /* iOS_Project2_20200907 */,
			);
		};
/* End PBXProject section */

/* Begin PBXResourcesBuildPhase section */
		0848DF952505E718000DC99F /* Resources */ = {
			isa = PBXResourcesBuildPhase;
			buildActionMask = 2147483647;
			files = (
				0848DFA72505E718000DC99F /* LaunchScreen.storyboard in Resources */,
				0848DFA42505E718000DC99F /* Assets.xcassets in Resources */,
				0848DFA22505E718000DC99F /* Main.storyboard in Resources */,
			);
			runOnlyForDeploymentPostprocessing = 0;
		};
/* End PBXResourcesBuildPhase section */

/* Begin PBXSourcesBuildPhase section */
		0848DF932505E718000DC99F /* Sources */ = {
			isa = PBXSourcesBuildPhase;
			buildActionMask = 2147483647;
			files = (
				0848DFAF2505E8A9000DC99F /* SignUpViewController.swift in Sources */,
				0848DFB32505F274000DC99F /* UserInformation.swift in Sources */,
				0848DFB12505ED21000DC99F /* SignUp2ViewController.swift in Sources */,
				0848DF9F2505E718000DC99F /* ViewController.swift in Sources */,
				0848DF9B2505E718000DC99F /* AppDelegate.swift in Sources */,
				0848DF9D2505E718000DC99F /* SceneDelegate.swift in Sources */,
			);
			runOnlyForDeploymentPostprocessing = 0;
		};
/* End PBXSourcesBuildPhase section */

/* Begin PBXVariantGroup section */
		0848DFA02505E718000DC99F /* Main.storyboard */ = {
			isa = PBXVariantGroup;
			children = (
				0848DFA12505E718000DC99F /* Base */,
			);
			name = Main.storyboard;
			sourceTree = "<group>";
		};
		0848DFA52505E718000DC99F /* LaunchScreen.storyboard */ = {
			isa = PBXVariantGroup;
			children = (
				0848DFA62505E718000DC99F /* Base */,
			);
			name = LaunchScreen.storyboard;
			sourceTree = "<group>";
		};
/* End PBXVariantGroup section */

/* Begin XCBuildConfiguration section */
		0848DFA92505E718000DC99F /* Debug */ = {
			isa = XCBuildConfiguration;
			buildSettings = {
				ALWAYS_SEARCH_USER_PATHS = NO;
				CLANG_ANALYZER_NONNULL = YES;
				CLANG_ANALYZER_NUMBER_OBJECT_CONVERSION = YES_AGGRESSIVE;
				CLANG_CXX_LANGUAGE_STANDARD = "gnu++14";
				CLANG_CXX_LIBRARY = "libc++";
				CLANG_ENABLE_MODULES = YES;
				CLANG_ENABLE_OBJC_ARC = YES;
				CLANG_ENABLE_OBJC_WEAK = YES;
				CLANG_WARN_BLOCK_CAPTURE_AUTORELEASING = YES;
				CLANG_WARN_BOOL_CONVERSION = YES;
				CLANG_WARN_COMMA = YES;
				CLANG_WARN_CONSTANT_CONVERSION = YES;
				CLANG_WARN_DEPRECATED_OBJC_IMPLEMENTATIONS = YES;
				CLANG_WARN_DIRECT_OBJC_ISA_USAGE = YES_ERROR;
				CLANG_WARN_DOCUMENTATION_COMMENTS = YES;
				CLANG_WARN_EMPTY_BODY = YES;
				CLANG_WARN_ENUM_CONVERSION = YES;
				CLANG_WARN_INFINITE_RECURSION = YES;
				CLANG_WARN_INT_CONVERSION = YES;
				CLANG_WARN_NON_LITERAL_NULL_CONVERSION = YES;
				CLANG_WARN_OBJC_IMPLICIT_RETAIN_SELF = YES;
				CLANG_WARN_OBJC_LITERAL_CONVERSION = YES;
				CLANG_WARN_OBJC_ROOT_CLASS = YES_ERROR;
				CLANG_WARN_RANGE_LOOP_ANALYSIS = YES;
				CLANG_WARN_STRICT_PROTOTYPES = YES;
				CLANG_WARN_SUSPICIOUS_MOVE = YES;
				CLANG_WARN_UNGUARDED_AVAILABILITY = YES_AGGRESSIVE;
				CLANG_WARN_UNREACHABLE_CODE = YES;
				CLANG_WARN__DUPLICATE_METHOD_MATCH = YES;
				COPY_PHASE_STRIP = NO;
				DEBUG_INFORMATION_FORMAT = dwarf;
				ENABLE_STRICT_OBJC_MSGSEND = YES;
				ENABLE_TESTABILITY = YES;
				GCC_C_LANGUAGE_STANDARD = gnu11;
				GCC_DYNAMIC_NO_PIC = NO;
				GCC_NO_COMMON_BLOCKS = YES;
				GCC_OPTIMIZATION_LEVEL = 0;
				GCC_PREPROCESSOR_DEFINITIONS = (
					"DEBUG=1",
					"$(inherited)",
				);
				GCC_WARN_64_TO_32_BIT_CONVERSION = YES;
				GCC_WARN_ABOUT_RETURN_TYPE = YES_ERROR;
				GCC_WARN_UNDECLARED_SELECTOR = YES;
				GCC_WARN_UNINITIALIZED_AUTOS = YES_AGGRESSIVE;
				GCC_WARN_UNUSED_FUNCTION = YES;
				GCC_WARN_UNUSED_VARIABLE = YES;
				IPHONEOS_DEPLOYMENT_TARGET = 13.7;
				MTL_ENABLE_DEBUG_INFO = INCLUDE_SOURCE;
				MTL_FAST_MATH = YES;
				ONLY_ACTIVE_ARCH = YES;
				SDKROOT = iphoneos;
				SWIFT_ACTIVE_COMPILATION_CONDITIONS = DEBUG;
				SWIFT_OPTIMIZATION_LEVEL = "-Onone";
			};
			name = Debug;
		};
		0848DFAA2505E718000DC99F /* Release */ = {
			isa = XCBuildConfiguration;
			buildSettings = {
				ALWAYS_SEARCH_USER_PATHS = NO;
				CLANG_ANALYZER_NONNULL = YES;
				CLANG_ANALYZER_NUMBER_OBJECT_CONVERSION = YES_AGGRESSIVE;
				CLANG_CXX_LANGUAGE_STANDARD = "gnu++14";
				CLANG_CXX_LIBRARY = "libc++";
				CLANG_ENABLE_MODULES = YES;
				CLANG_ENABLE_OBJC_ARC = YES;
				CLANG_ENABLE_OBJC_WEAK = YES;
				CLANG_WARN_BLOCK_CAPTURE_AUTORELEASING = YES;
				CLANG_WARN_BOOL_CONVERSION = YES;
				CLANG_WARN_COMMA = YES;
				CLANG_WARN_CONSTANT_CONVERSION = YES;
				CLANG_WARN_DEPRECATED_OBJC_IMPLEMENTATIONS = YES;
				CLANG_WARN_DIRECT_OBJC_ISA_USAGE = YES_ERROR;
				CLANG_WARN_DOCUMENTATION_COMMENTS = YES;
				CLANG_WARN_EMPTY_BODY = YES;
				CLANG_WARN_ENUM_CONVERSION = YES;
				CLANG_WARN_INFINITE_RECURSION = YES;
				CLANG_WARN_INT_CONVERSION = YES;
				CLANG_WARN_NON_LITERAL_NULL_CONVERSION = YES;
				CLANG_WARN_OBJC_IMPLICIT_RETAIN_SELF = YES;
				CLANG_WARN_OBJC_LITERAL_CONVERSION = YES;
				CLANG_WARN_OBJC_ROOT_CLASS = YES_ERROR;
				CLANG_WARN_RANGE_LOOP_ANALYSIS = YES;
				CLANG_WARN_STRICT_PROTOTYPES = YES;
				CLANG_WARN_SUSPICIOUS_MOVE = YES;
				CLANG_WARN_UNGUARDED_AVAILABILITY = YES_AGGRESSIVE;
				CLANG_WARN_UNREACHABLE_CODE = YES;
				CLANG_WARN__DUPLICATE_METHOD_MATCH = YES;
				COPY_PHASE_STRIP = NO;
				DEBUG_INFORMATION_FORMAT = "dwarf-with-dsym";
				ENABLE_NS_ASSERTIONS = NO;
				ENABLE_STRICT_OBJC_MSGSEND = YES;
				GCC_C_LANGUAGE_STANDARD = gnu11;
				GCC_NO_COMMON_BLOCKS = YES;
				GCC_WARN_64_TO_32_BIT_CONVERSION = YES;
				GCC_WARN_ABOUT_RETURN_TYPE = YES_ERROR;
				GCC_WARN_UNDECLARED_SELECTOR = YES;
				GCC_WARN_UNINITIALIZED_AUTOS = YES_AGGRESSIVE;
				GCC_WARN_UNUSED_FUNCTION = YES;
				GCC_WARN_UNUSED_VARIABLE = YES;
				IPHONEOS_DEPLOYMENT_TARGET = 13.7;
				MTL_ENABLE_DEBUG_INFO = NO;
				MTL_FAST_MATH = YES;
				SDKROOT = iphoneos;
				SWIFT_COMPILATION_MODE = wholemodule;
				SWIFT_OPTIMIZATION_LEVEL = "-O";
				VALIDATE_PRODUCT = YES;
			};
			name = Release;
		};
		0848DFAC2505E718000DC99F /* Debug */ = {
			isa = XCBuildConfiguration;
			buildSettings = {
				ASSETCATALOG_COMPILER_APPICON_NAME = AppIcon;
				CODE_SIGN_STYLE = Automatic;
				DEVELOPMENT_TEAM = U59PP2KXJ5;
				INFOPLIST_FILE = iOS_Project2_20200907/Info.plist;
				LD_RUNPATH_SEARCH_PATHS = (
					"$(inherited)",
					"@executable_path/Frameworks",
				);
				PRODUCT_BUNDLE_IDENTIFIER = "com.thoonk.iOS-Project2-20200907";
				PRODUCT_NAME = "$(TARGET_NAME)";
				SWIFT_VERSION = 5.0;
				TARGETED_DEVICE_FAMILY = "1,2";
			};
			name = Debug;
		};
		0848DFAD2505E718000DC99F /* Release */ = {
			isa = XCBuildConfiguration;
			buildSettings = {
				ASSETCATALOG_COMPILER_APPICON_NAME = AppIcon;
				CODE_SIGN_STYLE = Automatic;
				DEVELOPMENT_TEAM = U59PP2KXJ5;
				INFOPLIST_FILE = iOS_Project2_20200907/Info.plist;
				LD_RUNPATH_SEARCH_PATHS = (
					"$(inherited)",
					"@executable_path/Frameworks",
				);
				PRODUCT_BUNDLE_IDENTIFIER = "com.thoonk.iOS-Project2-20200907";
				PRODUCT_NAME = "$(TARGET_NAME)";
				SWIFT_VERSION = 5.0;
				TARGETED_DEVICE_FAMILY = "1,2";
			};
			name = Release;
		};
/* End XCBuildConfiguration section */

/* Begin XCConfigurationList section */
		0848DF922505E718000DC99F /* Build configuration list for PBXProject "iOS_Project2_20200907" */ = {
			isa = XCConfigurationList;
			buildConfigurations = (
				0848DFA92505E718000DC99F /* Debug */,
				0848DFAA2505E718000DC99F /* Release */,
			);
			defaultConfigurationIsVisible = 0;
			defaultConfigurationName = Release;
		};
		0848DFAB2505E718000DC99F /* Build configuration list for PBXNativeTarget "iOS_Project2_20200907" */ = {
			isa = XCConfigurationList;
			buildConfigurations = (
				0848DFAC2505E718000DC99F /* Debug */,
				0848DFAD2505E718000DC99F /* Release */,
			);
			defaultConfigurationIsVisible = 0;
			defaultConfigurationName = Release;
		};
/* End XCConfigurationList section */
	};
	rootObject = 0848DF8F2505E718000DC99F /* Project object */;
}
